version = 1
requires-python = "==3.12.*"

[[package]]
name = "accountingweb"
version = "0.1.0"
source = { virtual = "." }
dependencies = [
    { name = "argon2-cffi" },
    { name = "argon2-cffi-bindings" },
    { name = "asgiref" },
    { name = "cffi" },
    { name = "cryptography" },
    { name = "decouple" },
    { name = "django" },
    { name = "gunicorn" },
    { name = "mysqlclient" },
    { name = "numpy" },
    { name = "pandas" },
    { name = "pycparser" },
    { name = "python-dateutil" },
    { name = "python-decouple" },
    { name = "python-dotenv" },
    { name = "pytz" },
    { name = "setuptools" },
    { name = "six" },
    { name = "sqlparse" },
    { name = "tzdata" },
]

[package.metadata]
requires-dist = [
    { name = "argon2-cffi", specifier = "==25.1.0" },
    { name = "argon2-cffi-bindings", specifier = "==25.1.0" },
    { name = "asgiref", specifier = "==3.7.2" },
    { name = "cffi", specifier = "==2.0.0" },
    { name = "cryptography", specifier = "==46.0.2" },
    { name = "decouple", specifier = "==0.0.7" },
    { name = "django", specifier = "==5.0.3" },
    { name = "gunicorn", specifier = "==20.1.0" },
    { name = "mysqlclient", specifier = "==2.2.4" },
    { name = "numpy", specifier = "==2.1.2" },
    { name = "pandas", specifier = "==2.2.3" },
    { name = "pycparser", specifier = "==2.23" },
    { name = "python-dateutil", specifier = "==2.9.0.post0" },
    { name = "python-decouple", specifier = "==3.8" },
    { name = "python-dotenv", specifier = "==1.0.1" },
    { name = "pytz", specifier = "==2024.2" },
    { name = "setuptools", specifier = "==73.0.1" },
    { name = "six", specifier = "==1.16.0" },
    { name = "sqlparse", specifier = "==0.4.4" },
    { name = "tzdata", specifier = "==2024.2" },
]

[[package]]
name = "argon2-cffi"
version = "25.1.0"
source = { registry = "https://pypi.org/simple" }
dependencies = [
    { name = "argon2-cffi-bindings" },
]
sdist = { url = "https://files.pythonhosted.org/packages/0e/89/ce5af8a7d472a67cc819d5d998aa8c82c5d860608c4db9f46f1162d7dab9/argon2_cffi-25.1.0.tar.gz", hash = "sha256:694ae5cc8a42f4c4e2bf2ca0e64e51e23a040c6a517a85074683d3959e1346c1", size = 45706 }
wheels = [
    { url = "https://files.pythonhosted.org/packages/4f/d3/a8b22fa575b297cd6e3e3b0155c7e25db170edf1c74783d6a31a2490b8d9/argon2_cffi-25.1.0-py3-none-any.whl", hash = "sha256:fdc8b074db390fccb6eb4a3604ae7231f219aa669a2652e0f20e16ba513d5741", size = 14657 },
]

[[package]]
name = "argon2-cffi-bindings"
version = "25.1.0"
source = { registry = "https://pypi.org/simple" }
dependencies = [
    { name = "cffi" },
]
sdist = { url = "https://files.pythonhosted.org/packages/5c/2d/db8af0df73c1cf454f71b2bbe5e356b8c1f8041c979f505b3d3186e520a9/argon2_cffi_bindings-25.1.0.tar.gz", hash = "sha256:b957f3e6ea4d55d820e40ff76f450952807013d361a65d7f28acc0acbf29229d", size = 1783441 }
wheels = [
    { url = "https://files.pythonhosted.org/packages/1d/57/96b8b9f93166147826da5f90376e784a10582dd39a393c99bb62cfcf52f0/argon2_cffi_bindings-25.1.0-cp39-abi3-macosx_10_9_universal2.whl", hash = "sha256:aecba1723ae35330a008418a91ea6cfcedf6d31e5fbaa056a166462ff066d500", size = 54121 },
    { url = "https://files.pythonhosted.org/packages/0a/08/a9bebdb2e0e602dde230bdde8021b29f71f7841bd54801bcfd514acb5dcf/argon2_cffi_bindings-25.1.0-cp39-abi3-macosx_10_9_x86_64.whl", hash = "sha256:2630b6240b495dfab90aebe159ff784d08ea999aa4b0d17efa734055a07d2f44", size = 29177 },
    { url = "https://files.pythonhosted.org/packages/b6/02/d297943bcacf05e4f2a94ab6f462831dc20158614e5d067c35d4e63b9acb/argon2_cffi_bindings-25.1.0-cp39-abi3-macosx_11_0_arm64.whl", hash = "sha256:7aef0c91e2c0fbca6fc68e7555aa60ef7008a739cbe045541e438373bc54d2b0", size = 31090 },
    { url = "https://files.pythonhosted.org/packages/c1/93/44365f3d75053e53893ec6d733e4a5e3147502663554b4d864587c7828a7/argon2_cffi_bindings-25.1.0-cp39-abi3-manylinux_2_26_aarch64.manylinux_2_28_aarch64.whl", hash = "sha256:1e021e87faa76ae0d413b619fe2b65ab9a037f24c60a1e6cc43457ae20de6dc6", size = 81246 },
    { url = "https://files.pythonhosted.org/packages/09/52/94108adfdd6e2ddf58be64f959a0b9c7d4ef2fa71086c38356d22dc501ea/argon2_cffi_bindings-25.1.0-cp39-abi3-manylinux_2_26_x86_64.manylinux_2_28_x86_64.whl", hash = "sha256:d3e924cfc503018a714f94a49a149fdc0b644eaead5d1f089330399134fa028a", size = 87126 },
    { url = "https://files.pythonhosted.org/packages/72/70/7a2993a12b0ffa2a9271259b79cc616e2389ed1a4d93842fac5a1f923ffd/argon2_cffi_bindings-25.1.0-cp39-abi3-musllinux_1_2_aarch64.whl", hash = "sha256:c87b72589133f0346a1cb8d5ecca4b933e3c9b64656c9d175270a000e73b288d", size = 80343 },
    { url = "https://files.pythonhosted.org/packages/78/9a/4e5157d893ffc712b74dbd868c7f62365618266982b64accab26bab01edc/argon2_cffi_bindings-25.1.0-cp39-abi3-musllinux_1_2_x86_64.whl", hash = "sha256:1db89609c06afa1a214a69a462ea741cf735b29a57530478c06eb81dd403de99", size = 86777 },
    { url = "https://files.pythonhosted.org/packages/74/cd/15777dfde1c29d96de7f18edf4cc94c385646852e7c7b0320aa91ccca583/argon2_cffi_bindings-25.1.0-cp39-abi3-win32.whl", hash = "sha256:473bcb5f82924b1becbb637b63303ec8d10e84c8d241119419897a26116515d2", size = 27180 },
    { url = "https://files.pythonhosted.org/packages/e2/c6/a759ece8f1829d1f162261226fbfd2c6832b3ff7657384045286d2afa384/argon2_cffi_bindings-25.1.0-cp39-abi3-win_amd64.whl", hash = "sha256:a98cd7d17e9f7ce244c0803cad3c23a7d379c301ba618a5fa76a67d116618b98", size = 31715 },
    { url = "https://files.pythonhosted.org/packages/42/b9/f8d6fa329ab25128b7e98fd83a3cb34d9db5b059a9847eddb840a0af45dd/argon2_cffi_bindings-25.1.0-cp39-abi3-win_arm64.whl", hash = "sha256:b0fdbcf513833809c882823f98dc2f931cf659d9a1429616ac3adebb49f5db94", size = 27149 },
]

[[package]]
name = "asgiref"
version = "3.7.2"
source = { registry = "https://pypi.org/simple" }
sdist = { url = "https://files.pythonhosted.org/packages/12/19/64e38c1c2cbf0da9635b7082bbdf0e89052e93329279f59759c24a10cc96/asgiref-3.7.2.tar.gz", hash = "sha256:9e0ce3aa93a819ba5b45120216b23878cf6e8525eb3848653452b4192b92afed", size = 33393 }
wheels = [
    { url = "https://files.pythonhosted.org/packages/9b/80/b9051a4a07ad231558fcd8ffc89232711b4e618c15cb7a392a17384bbeef/asgiref-3.7.2-py3-none-any.whl", hash = "sha256:89b2ef2247e3b562a16eef663bc0e2e703ec6468e2fa8a5cd61cd449786d4f6e", size = 24140 },
]

[[package]]
name = "cffi"
version = "2.0.0"
source = { registry = "https://pypi.org/simple" }
dependencies = [
    { name = "pycparser", marker = "implementation_name != 'PyPy'" },
]
sdist = { url = "https://files.pythonhosted.org/packages/eb/56/b1ba7935a17738ae8453301356628e8147c79dbb825bcbc73dc7401f9846/cffi-2.0.0.tar.gz", hash = "sha256:44d1b5909021139fe36001ae048dbdde8214afa20200eda0f64c068cac5d5529", size = 523588 }
wheels = [
    { url = "https://files.pythonhosted.org/packages/ea/47/4f61023ea636104d4f16ab488e268b93008c3d0bb76893b1b31db1f96802/cffi-2.0.0-cp312-cp312-macosx_10_13_x86_64.whl", hash = "sha256:6d02d6655b0e54f54c4ef0b94eb6be0607b70853c45ce98bd278dc7de718be5d", size = 185271 },
    { url = "https://files.pythonhosted.org/packages/df/a2/781b623f57358e360d62cdd7a8c681f074a71d445418a776eef0aadb4ab4/cffi-2.0.0-cp312-cp312-macosx_11_0_arm64.whl", hash = "sha256:8eca2a813c1cb7ad4fb74d368c2ffbbb4789d377ee5bb8df98373c2cc0dee76c", size = 181048 },
    { url = "https://files.pythonhosted.org/packages/ff/df/a4f0fbd47331ceeba3d37c2e51e9dfc9722498becbeec2bd8bc856c9538a/cffi-2.0.0-cp312-cp312-manylinux1_i686.manylinux2014_i686.manylinux_2_17_i686.manylinux_2_5_i686.whl", hash = "sha256:21d1152871b019407d8ac3985f6775c079416c282e431a4da6afe7aefd2bccbe", size = 212529 },
    { url = "https://files.pythonhosted.org/packages/d5/72/12b5f8d3865bf0f87cf1404d8c374e7487dcf097a1c91c436e72e6badd83/cffi-2.0.0-cp312-cp312-manylinux2014_aarch64.manylinux_2_17_aarch64.whl", hash = "sha256:b21e08af67b8a103c71a250401c78d5e0893beff75e28c53c98f4de42f774062", size = 220097 },
    { url = "https://files.pythonhosted.org/packages/c2/95/7a135d52a50dfa7c882ab0ac17e8dc11cec9d55d2c18dda414c051c5e69e/cffi-2.0.0-cp312-cp312-manylinux2014_ppc64le.manylinux_2_17_ppc64le.whl", hash = "sha256:1e3a615586f05fc4065a8b22b8152f0c1b00cdbc60596d187c2a74f9e3036e4e", size = 207983 },
    { url = "https://files.pythonhosted.org/packages/3a/c8/15cb9ada8895957ea171c62dc78ff3e99159ee7adb13c0123c001a2546c1/cffi-2.0.0-cp312-cp312-manylinux2014_s390x.manylinux_2_17_s390x.whl", hash = "sha256:81afed14892743bbe14dacb9e36d9e0e504cd204e0b165062c488942b9718037", size = 206519 },
    { url = "https://files.pythonhosted.org/packages/78/2d/7fa73dfa841b5ac06c7b8855cfc18622132e365f5b81d02230333ff26e9e/cffi-2.0.0-cp312-cp312-manylinux2014_x86_64.manylinux_2_17_x86_64.whl", hash = "sha256:3e17ed538242334bf70832644a32a7aae3d83b57567f9fd60a26257e992b79ba", size = 219572 },
    { url = "https://files.pythonhosted.org/packages/07/e0/267e57e387b4ca276b90f0434ff88b2c2241ad72b16d31836adddfd6031b/cffi-2.0.0-cp312-cp312-musllinux_1_2_aarch64.whl", hash = "sha256:3925dd22fa2b7699ed2617149842d2e6adde22b262fcbfada50e3d195e4b3a94", size = 222963 },
    { url = "https://files.pythonhosted.org/packages/b6/75/1f2747525e06f53efbd878f4d03bac5b859cbc11c633d0fb81432d98a795/cffi-2.0.0-cp312-cp312-musllinux_1_2_x86_64.whl", hash = "sha256:2c8f814d84194c9ea681642fd164267891702542f028a15fc97d4674b6206187", size = 221361 },
    { url = "https://files.pythonhosted.org/packages/7b/2b/2b6435f76bfeb6bbf055596976da087377ede68df465419d192acf00c437/cffi-2.0.0-cp312-cp312-win32.whl", hash = "sha256:da902562c3e9c550df360bfa53c035b2f241fed6d9aef119048073680ace4a18", size = 172932 },
    { url = "https://files.pythonhosted.org/packages/f8/ed/13bd4418627013bec4ed6e54283b1959cf6db888048c7cf4b4c3b5b36002/cffi-2.0.0-cp312-cp312-win_amd64.whl", hash = "sha256:da68248800ad6320861f129cd9c1bf96ca849a2771a59e0344e88681905916f5", size = 183557 },
    { url = "https://files.pythonhosted.org/packages/95/31/9f7f93ad2f8eff1dbc1c3656d7ca5bfd8fb52c9d786b4dcf19b2d02217fa/cffi-2.0.0-cp312-cp312-win_arm64.whl", hash = "sha256:4671d9dd5ec934cb9a73e7ee9676f9362aba54f7f34910956b84d727b0d73fb6", size = 177762 },
]

[[package]]
name = "cryptography"
version = "46.0.2"
source = { registry = "https://pypi.org/simple" }
dependencies = [
    { name = "cffi", marker = "platform_python_implementation != 'PyPy'" },
]
sdist = { url = "https://files.pythonhosted.org/packages/4a/9b/e301418629f7bfdf72db9e80ad6ed9d1b83c487c471803eaa6464c511a01/cryptography-46.0.2.tar.gz", hash = "sha256:21b6fc8c71a3f9a604f028a329e5560009cc4a3a828bfea5fcba8eb7647d88fe", size = 749293 }
wheels = [
    { url = "https://files.pythonhosted.org/packages/e0/98/7a8df8c19a335c8028414738490fc3955c0cecbfdd37fcc1b9c3d04bd561/cryptography-46.0.2-cp311-abi3-macosx_10_9_universal2.whl", hash = "sha256:f3e32ab7dd1b1ef67b9232c4cf5e2ee4cd517d4316ea910acaaa9c5712a1c663", size = 7261255 },
    { url = "https://files.pythonhosted.org/packages/c6/38/b2adb2aa1baa6706adc3eb746691edd6f90a656a9a65c3509e274d15a2b8/cryptography-46.0.2-cp311-abi3-manylinux2014_aarch64.manylinux_2_17_aarch64.whl", hash = "sha256:1fd1a69086926b623ef8126b4c33d5399ce9e2f3fac07c9c734c2a4ec38b6d02", size = 4297596 },
    { url = "https://files.pythonhosted.org/packages/e4/27/0f190ada240003119488ae66c897b5e97149292988f556aef4a6a2a57595/cryptography-46.0.2-cp311-abi3-manylinux2014_x86_64.manylinux_2_17_x86_64.whl", hash = "sha256:bb7fb9cd44c2582aa5990cf61a4183e6f54eea3172e54963787ba47287edd135", size = 4450899 },
    { url = "https://files.pythonhosted.org/packages/85/d5/e4744105ab02fdf6bb58ba9a816e23b7a633255987310b4187d6745533db/cryptography-46.0.2-cp311-abi3-manylinux_2_28_aarch64.whl", hash = "sha256:9066cfd7f146f291869a9898b01df1c9b0e314bfa182cef432043f13fc462c92", size = 4300382 },
    { url = "https://files.pythonhosted.org/packages/33/fb/bf9571065c18c04818cb07de90c43fc042c7977c68e5de6876049559c72f/cryptography-46.0.2-cp311-abi3-manylinux_2_28_armv7l.manylinux_2_31_armv7l.whl", hash = "sha256:97e83bf4f2f2c084d8dd792d13841d0a9b241643151686010866bbd076b19659", size = 4017347 },
    { url = "https://files.pythonhosted.org/packages/35/72/fc51856b9b16155ca071080e1a3ad0c3a8e86616daf7eb018d9565b99baa/cryptography-46.0.2-cp311-abi3-manylinux_2_28_ppc64le.whl", hash = "sha256:4a766d2a5d8127364fd936572c6e6757682fc5dfcbdba1632d4554943199f2fa", size = 4983500 },
    { url = "https://files.pythonhosted.org/packages/c1/53/0f51e926799025e31746d454ab2e36f8c3f0d41592bc65cb9840368d3275/cryptography-46.0.2-cp311-abi3-manylinux_2_28_x86_64.whl", hash = "sha256:fab8f805e9675e61ed8538f192aad70500fa6afb33a8803932999b1049363a08", size = 4482591 },
    { url = "https://files.pythonhosted.org/packages/86/96/4302af40b23ab8aa360862251fb8fc450b2a06ff24bc5e261c2007f27014/cryptography-46.0.2-cp311-abi3-manylinux_2_34_aarch64.whl", hash = "sha256:1e3b6428a3d56043bff0bb85b41c535734204e599c1c0977e1d0f261b02f3ad5", size = 4300019 },
    { url = "https://files.pythonhosted.org/packages/9b/59/0be12c7fcc4c5e34fe2b665a75bc20958473047a30d095a7657c218fa9e8/cryptography-46.0.2-cp311-abi3-manylinux_2_34_ppc64le.whl", hash = "sha256:1a88634851d9b8de8bb53726f4300ab191d3b2f42595e2581a54b26aba71b7cc", size = 4950006 },
    { url = "https://files.pythonhosted.org/packages/55/1d/42fda47b0111834b49e31590ae14fd020594d5e4dadd639bce89ad790fba/cryptography-46.0.2-cp311-abi3-manylinux_2_34_x86_64.whl", hash = "sha256:be939b99d4e091eec9a2bcf41aaf8f351f312cd19ff74b5c83480f08a8a43e0b", size = 4482088 },
    { url = "https://files.pythonhosted.org/packages/17/50/60f583f69aa1602c2bdc7022dae86a0d2b837276182f8c1ec825feb9b874/cryptography-46.0.2-cp311-abi3-musllinux_1_2_aarch64.whl", hash = "sha256:9f13b040649bc18e7eb37936009b24fd31ca095a5c647be8bb6aaf1761142bd1", size = 4425599 },
    { url = "https://files.pythonhosted.org/packages/d1/57/d8d4134cd27e6e94cf44adb3f3489f935bde85f3a5508e1b5b43095b917d/cryptography-46.0.2-cp311-abi3-musllinux_1_2_x86_64.whl", hash = "sha256:9bdc25e4e01b261a8fda4e98618f1c9515febcecebc9566ddf4a70c63967043b", size = 4697458 },
    { url = "https://files.pythonhosted.org/packages/d1/2b/531e37408573e1da33adfb4c58875013ee8ac7d548d1548967d94a0ae5c4/cryptography-46.0.2-cp311-abi3-win32.whl", hash = "sha256:8b9bf67b11ef9e28f4d78ff88b04ed0929fcd0e4f70bb0f704cfc32a5c6311ee", size = 3056077 },
    { url = "https://files.pythonhosted.org/packages/a8/cd/2f83cafd47ed2dc5a3a9c783ff5d764e9e70d3a160e0df9a9dcd639414ce/cryptography-46.0.2-cp311-abi3-win_amd64.whl", hash = "sha256:758cfc7f4c38c5c5274b55a57ef1910107436f4ae842478c4989abbd24bd5acb", size = 3512585 },
    { url = "https://files.pythonhosted.org/packages/00/36/676f94e10bfaa5c5b86c469ff46d3e0663c5dc89542f7afbadac241a3ee4/cryptography-46.0.2-cp311-abi3-win_arm64.whl", hash = "sha256:218abd64a2e72f8472c2102febb596793347a3e65fafbb4ad50519969da44470", size = 2927474 },
    { url = "https://files.pythonhosted.org/packages/d5/bb/fa95abcf147a1b0bb94d95f53fbb09da77b24c776c5d87d36f3d94521d2c/cryptography-46.0.2-cp38-abi3-macosx_10_9_universal2.whl", hash = "sha256:a08e7401a94c002e79dc3bc5231b6558cd4b2280ee525c4673f650a37e2c7685", size = 7248090 },
    { url = "https://files.pythonhosted.org/packages/b7/66/f42071ce0e3ffbfa80a88feadb209c779fda92a23fbc1e14f74ebf72ef6b/cryptography-46.0.2-cp38-abi3-manylinux2014_aarch64.manylinux_2_17_aarch64.whl", hash = "sha256:d30bc11d35743bf4ddf76674a0a369ec8a21f87aaa09b0661b04c5f6c46e8d7b", size = 4293123 },
    { url = "https://files.pythonhosted.org/packages/a8/5d/1fdbd2e5c1ba822828d250e5a966622ef00185e476d1cd2726b6dd135e53/cryptography-46.0.2-cp38-abi3-manylinux2014_x86_64.manylinux_2_17_x86_64.whl", hash = "sha256:bca3f0ce67e5a2a2cf524e86f44697c4323a86e0fd7ba857de1c30d52c11ede1", size = 4439524 },
    { url = "https://files.pythonhosted.org/packages/c8/c1/5e4989a7d102d4306053770d60f978c7b6b1ea2ff8c06e0265e305b23516/cryptography-46.0.2-cp38-abi3-manylinux_2_28_aarch64.whl", hash = "sha256:ff798ad7a957a5021dcbab78dfff681f0cf15744d0e6af62bd6746984d9c9e9c", size = 4297264 },
    { url = "https://files.pythonhosted.org/packages/28/78/b56f847d220cb1d6d6aef5a390e116ad603ce13a0945a3386a33abc80385/cryptography-46.0.2-cp38-abi3-manylinux_2_28_armv7l.manylinux_2_31_armv7l.whl", hash = "sha256:cb5e8daac840e8879407acbe689a174f5ebaf344a062f8918e526824eb5d97af", size = 4011872 },
    { url = "https://files.pythonhosted.org/packages/e1/80/2971f214b066b888944f7b57761bf709ee3f2cf805619a18b18cab9b263c/cryptography-46.0.2-cp38-abi3-manylinux_2_28_ppc64le.whl", hash = "sha256:3f37aa12b2d91e157827d90ce78f6180f0c02319468a0aea86ab5a9566da644b", size = 4978458 },
    { url = "https://files.pythonhosted.org/packages/a5/84/0cb0a2beaa4f1cbe63ebec4e97cd7e0e9f835d0ba5ee143ed2523a1e0016/cryptography-46.0.2-cp38-abi3-manylinux_2_28_x86_64.whl", hash = "sha256:5e38f203160a48b93010b07493c15f2babb4e0f2319bbd001885adb3f3696d21", size = 4472195 },
    { url = "https://files.pythonhosted.org/packages/30/8b/2b542ddbf78835c7cd67b6fa79e95560023481213a060b92352a61a10efe/cryptography-46.0.2-cp38-abi3-manylinux_2_34_aarch64.whl", hash = "sha256:d19f5f48883752b5ab34cff9e2f7e4a7f216296f33714e77d1beb03d108632b6", size = 4296791 },
    { url = "https://files.pythonhosted.org/packages/78/12/9065b40201b4f4876e93b9b94d91feb18de9150d60bd842a16a21565007f/cryptography-46.0.2-cp38-abi3-manylinux_2_34_ppc64le.whl", hash = "sha256:04911b149eae142ccd8c9a68892a70c21613864afb47aba92d8c7ed9cc001023", size = 4939629 },
    { url = "https://files.pythonhosted.org/packages/f6/9e/6507dc048c1b1530d372c483dfd34e7709fc542765015425f0442b08547f/cryptography-46.0.2-cp38-abi3-manylinux_2_34_x86_64.whl", hash = "sha256:8b16c1ede6a937c291d41176934268e4ccac2c6521c69d3f5961c5a1e11e039e", size = 4471988 },
    { url = "https://files.pythonhosted.org/packages/b1/86/d025584a5f7d5c5ec8d3633dbcdce83a0cd579f1141ceada7817a4c26934/cryptography-46.0.2-cp38-abi3-musllinux_1_2_aarch64.whl", hash = "sha256:747b6f4a4a23d5a215aadd1d0b12233b4119c4313df83ab4137631d43672cc90", size = 4422989 },
    { url = "https://files.pythonhosted.org/packages/4b/39/536370418b38a15a61bbe413006b79dfc3d2b4b0eafceb5581983f973c15/cryptography-46.0.2-cp38-abi3-musllinux_1_2_x86_64.whl", hash = "sha256:6b275e398ab3a7905e168c036aad54b5969d63d3d9099a0a66cc147a3cc983be", size = 4685578 },
    { url = "https://files.pythonhosted.org/packages/15/52/ea7e2b1910f547baed566c866fbb86de2402e501a89ecb4871ea7f169a81/cryptography-46.0.2-cp38-abi3-win32.whl", hash = "sha256:0b507c8e033307e37af61cb9f7159b416173bdf5b41d11c4df2e499a1d8e007c", size = 3036711 },
    { url = "https://files.pythonhosted.org/packages/71/9e/171f40f9c70a873e73c2efcdbe91e1d4b1777a03398fa1c4af3c56a2477a/cryptography-46.0.2-cp38-abi3-win_amd64.whl", hash = "sha256:f9b2dc7668418fb6f221e4bf701f716e05e8eadb4f1988a2487b11aedf8abe62", size = 3500007 },
    { url = "https://files.pythonhosted.org/packages/3e/7c/15ad426257615f9be8caf7f97990cf3dcbb5b8dd7ed7e0db581a1c4759dd/cryptography-46.0.2-cp38-abi3-win_arm64.whl", hash = "sha256:91447f2b17e83c9e0c89f133119d83f94ce6e0fb55dd47da0a959316e6e9cfa1", size = 2918153 },
]

[[package]]
name = "decouple"
version = "0.0.7"
source = { registry = "https://pypi.org/simple" }
sdist = { url = "https://files.pythonhosted.org/packages/6c/e3/f70681dd89a96a701f22055caedc79cf88cebdeac9df827a5720bca80278/decouple-0.0.7.tar.gz", hash = "sha256:c253c1cc62b76e9720a066f334552548c6de1884bc3bdf456ddb62d61b867b09", size = 3324 }

[[package]]
name = "django"
version = "5.0.3"
source = { registry = "https://pypi.org/simple" }
dependencies = [
    { name = "asgiref" },
    { name = "sqlparse" },
    { name = "tzdata", marker = "sys_platform == 'win32'" },
]
sdist = { url = "https://files.pythonhosted.org/packages/e1/b1/ac6a16aaf0049637b50afbcf06b8ec2fa5c6ce42d4ae6ba66bbaf4c3609a/Django-5.0.3.tar.gz", hash = "sha256:5fb37580dcf4a262f9258c1f4373819aacca906431f505e4688e37f3a99195df", size = 10620661 }
wheels = [
    { url = "https://files.pythonhosted.org/packages/9c/5b/eed82065c5d938b17c4b7304ab5ebe762c7a5a7eaa8a10ab35541580d79a/Django-5.0.3-py3-none-any.whl", hash = "sha256:5c7d748ad113a81b2d44750ccc41edc14e933f56581683db548c9257e078cc83", size = 8182992 },
]

[[package]]
name = "gunicorn"
version = "20.1.0"
source = { registry = "https://pypi.org/simple" }
dependencies = [
    { name = "setuptools" },
]
sdist = { url = "https://files.pythonhosted.org/packages/28/5b/0d1f0296485a6af03366604142ea8f19f0833894db3512a40ed07b2a56dd/gunicorn-20.1.0.tar.gz", hash = "sha256:e0a968b5ba15f8a328fdfd7ab1fcb5af4470c28aaf7e55df02a99bc13138e6e8", size = 370601 }
wheels = [
    { url = "https://files.pythonhosted.org/packages/e4/dd/5b190393e6066286773a67dfcc2f9492058e9b57c4867a95f1ba5caf0a83/gunicorn-20.1.0-py3-none-any.whl", hash = "sha256:9dcc4547dbb1cb284accfb15ab5667a0e5d1881cc443e0677b4882a4067a807e", size = 79531 },
]

[[package]]
name = "mysqlclient"
version = "2.2.4"
source = { registry = "https://pypi.org/simple" }
sdist = { url = "https://files.pythonhosted.org/packages/79/33/996dc0ba3f03e2399adc91a7de1f61cb14b57ebdb4cc6eca8a78723043cb/mysqlclient-2.2.4.tar.gz", hash = "sha256:33bc9fb3464e7d7c10b1eaf7336c5ff8f2a3d3b88bab432116ad2490beb3bf41", size = 90400 }
wheels = [
    { url = "https://files.pythonhosted.org/packages/d3/56/1fe1a8aa7ba090576632c16bd43fb0df78747d2f18c54e769015378667fb/mysqlclient-2.2.4-cp312-cp312-win_amd64.whl", hash = "sha256:e1ebe3f41d152d7cb7c265349fdb7f1eca86ccb0ca24a90036cde48e00ceb2ab", size = 203295 },
]

[[package]]
name = "numpy"
version = "2.1.2"
source = { registry = "https://pypi.org/simple" }
sdist = { url = "https://files.pythonhosted.org/packages/4b/d1/8a730ea07f4a37d94f9172f4ce1d81064b7a64766b460378be278952de75/numpy-2.1.2.tar.gz", hash = "sha256:13532a088217fa624c99b843eeb54640de23b3414b14aa66d023805eb731066c", size = 18878063 }
wheels = [
    { url = "https://files.pythonhosted.org/packages/a0/7d/554a6838f37f3ada5a55f25173c619d556ae98092a6e01afb6e710501d70/numpy-2.1.2-cp312-cp312-macosx_10_13_x86_64.whl", hash = "sha256:d7bf0a4f9f15b32b5ba53147369e94296f5fffb783db5aacc1be15b4bf72f43b", size = 20848077 },
    { url = "https://files.pythonhosted.org/packages/b0/29/cb48a402ea879e645b16218718f3f7d9588a77d674a9dcf22e4c43487636/numpy-2.1.2-cp312-cp312-macosx_11_0_arm64.whl", hash = "sha256:b1d0fcae4f0949f215d4632be684a539859b295e2d0cb14f78ec231915d644db", size = 13493242 },
    { url = "https://files.pythonhosted.org/packages/56/44/f899b0581766c230da42f751b7b8896d096640b19b312164c267e48d36cb/numpy-2.1.2-cp312-cp312-macosx_14_0_arm64.whl", hash = "sha256:f751ed0a2f250541e19dfca9f1eafa31a392c71c832b6bb9e113b10d050cb0f1", size = 5089219 },
    { url = "https://files.pythonhosted.org/packages/79/8f/b987070d45161a7a4504afc67ed38544ed2c0ed5576263599a0402204a9c/numpy-2.1.2-cp312-cp312-macosx_14_0_x86_64.whl", hash = "sha256:bd33f82e95ba7ad632bc57837ee99dba3d7e006536200c4e9124089e1bf42426", size = 6620167 },
    { url = "https://files.pythonhosted.org/packages/c4/a7/af3329fda3c3ec31d9b650e42bbcd3422fc62a765cbb1405fde4177a0996/numpy-2.1.2-cp312-cp312-manylinux_2_17_aarch64.manylinux2014_aarch64.whl", hash = "sha256:1b8cde4f11f0a975d1fd59373b32e2f5a562ade7cde4f85b7137f3de8fbb29a0", size = 13604905 },
    { url = "https://files.pythonhosted.org/packages/9b/b4/e3c7e6fab0f77fff6194afa173d1f2342073d91b1d3b4b30b17c3fb4407a/numpy-2.1.2-cp312-cp312-manylinux_2_17_x86_64.manylinux2014_x86_64.whl", hash = "sha256:6d95f286b8244b3649b477ac066c6906fbb2905f8ac19b170e2175d3d799f4df", size = 16041825 },
    { url = "https://files.pythonhosted.org/packages/e9/50/6828e66a78aa03147c111f84d55f33ce2dde547cb578d6744a3b06a0124b/numpy-2.1.2-cp312-cp312-musllinux_1_1_x86_64.whl", hash = "sha256:ab4754d432e3ac42d33a269c8567413bdb541689b02d93788af4131018cbf366", size = 16409541 },
    { url = "https://files.pythonhosted.org/packages/bf/72/66af7916d9c3c6dbfbc8acdd4930c65461e1953374a2bc43d00f948f004a/numpy-2.1.2-cp312-cp312-musllinux_1_2_aarch64.whl", hash = "sha256:e585c8ae871fd38ac50598f4763d73ec5497b0de9a0ab4ef5b69f01c6a046142", size = 14081134 },
    { url = "https://files.pythonhosted.org/packages/dc/5a/59a67d84f33fe00ae74f0b5b69dd4f93a586a4aba7f7e19b54b2133db038/numpy-2.1.2-cp312-cp312-win32.whl", hash = "sha256:9c6c754df29ce6a89ed23afb25550d1c2d5fdb9901d9c67a16e0b16eaf7e2550", size = 6237784 },
    { url = "https://files.pythonhosted.org/packages/4c/79/73735a6a5dad6059c085f240a4e74c9270feccd2bc66e4d31b5ca01d329c/numpy-2.1.2-cp312-cp312-win_amd64.whl", hash = "sha256:456e3b11cb79ac9946c822a56346ec80275eaf2950314b249b512896c0d2505e", size = 12568254 },
]

[[package]]
name = "pandas"
version = "2.2.3"
source = { registry = "https://pypi.org/simple" }
dependencies = [
    { name = "numpy" },
    { name = "python-dateutil" },
    { name = "pytz" },
    { name = "tzdata" },
]
sdist = { url = "https://files.pythonhosted.org/packages/9c/d6/9f8431bacc2e19dca897724cd097b1bb224a6ad5433784a44b587c7c13af/pandas-2.2.3.tar.gz", hash = "sha256:4f18ba62b61d7e192368b84517265a99b4d7ee8912f8708660fb4a366cc82667", size = 4399213 }
wheels = [
    { url = "https://files.pythonhosted.org/packages/17/a3/fb2734118db0af37ea7433f57f722c0a56687e14b14690edff0cdb4b7e58/pandas-2.2.3-cp312-cp312-macosx_10_9_x86_64.whl", hash = "sha256:b1d432e8d08679a40e2a6d8b2f9770a5c21793a6f9f47fdd52c5ce1948a5a8a9", size = 12529893 },
    { url = "https://files.pythonhosted.org/packages/e1/0c/ad295fd74bfac85358fd579e271cded3ac969de81f62dd0142c426b9da91/pandas-2.2.3-cp312-cp312-macosx_11_0_arm64.whl", hash = "sha256:a5a1595fe639f5988ba6a8e5bc9649af3baf26df3998a0abe56c02609392e0a4", size = 11363475 },
    { url = "https://files.pythonhosted.org/packages/c6/2a/4bba3f03f7d07207481fed47f5b35f556c7441acddc368ec43d6643c5777/pandas-2.2.3-cp312-cp312-manylinux2014_aarch64.manylinux_2_17_aarch64.whl", hash = "sha256:5de54125a92bb4d1c051c0659e6fcb75256bf799a732a87184e5ea503965bce3", size = 15188645 },
    { url = "https://files.pythonhosted.org/packages/38/f8/d8fddee9ed0d0c0f4a2132c1dfcf0e3e53265055da8df952a53e7eaf178c/pandas-2.2.3-cp312-cp312-manylinux_2_17_x86_64.manylinux2014_x86_64.whl", hash = "sha256:fffb8ae78d8af97f849404f21411c95062db1496aeb3e56f146f0355c9989319", size = 12739445 },
    { url = "https://files.pythonhosted.org/packages/20/e8/45a05d9c39d2cea61ab175dbe6a2de1d05b679e8de2011da4ee190d7e748/pandas-2.2.3-cp312-cp312-musllinux_1_2_aarch64.whl", hash = "sha256:6dfcb5ee8d4d50c06a51c2fffa6cff6272098ad6540aed1a76d15fb9318194d8", size = 16359235 },
    { url = "https://files.pythonhosted.org/packages/1d/99/617d07a6a5e429ff90c90da64d428516605a1ec7d7bea494235e1c3882de/pandas-2.2.3-cp312-cp312-musllinux_1_2_x86_64.whl", hash = "sha256:062309c1b9ea12a50e8ce661145c6aab431b1e99530d3cd60640e255778bd43a", size = 14056756 },
    { url = "https://files.pythonhosted.org/packages/29/d4/1244ab8edf173a10fd601f7e13b9566c1b525c4f365d6bee918e68381889/pandas-2.2.3-cp312-cp312-win_amd64.whl", hash = "sha256:59ef3764d0fe818125a5097d2ae867ca3fa64df032331b7e0917cf5d7bf66b13", size = 11504248 },
]

[[package]]
name = "pycparser"
version = "2.23"
source = { registry = "https://pypi.org/simple" }
sdist = { url = "https://files.pythonhosted.org/packages/fe/cf/d2d3b9f5699fb1e4615c8e32ff220203e43b248e1dfcc6736ad9057731ca/pycparser-2.23.tar.gz", hash = "sha256:78816d4f24add8f10a06d6f05b4d424ad9e96cfebf68a4ddc99c65c0720d00c2", size = 173734 }
wheels = [
    { url = "https://files.pythonhosted.org/packages/a0/e3/59cd50310fc9b59512193629e1984c1f95e5c8ae6e5d8c69532ccc65a7fe/pycparser-2.23-py3-none-any.whl", hash = "sha256:e5c6e8d3fbad53479cab09ac03729e0a9faf2bee3db8208a550daf5af81a5934", size = 118140 },
]

[[package]]
name = "python-dateutil"
version = "2.9.0.post0"
source = { registry = "https://pypi.org/simple" }
dependencies = [
    { name = "six" },
]
sdist = { url = "https://files.pythonhosted.org/packages/66/c0/0c8b6ad9f17a802ee498c46e004a0eb49bc148f2fd230864601a86dcf6db/python-dateutil-2.9.0.post0.tar.gz", hash = "sha256:37dd54208da7e1cd875388217d5e00ebd4179249f90fb72437e91a35459a0ad3", size = 342432 }
wheels = [
    { url = "https://files.pythonhosted.org/packages/ec/57/56b9bcc3c9c6a792fcbaf139543cee77261f3651ca9da0c93f5c1221264b/python_dateutil-2.9.0.post0-py2.py3-none-any.whl", hash = "sha256:a8b2bc7bffae282281c8140a97d3aa9c14da0b136dfe83f850eea9a5f7470427", size = 229892 },
]

[[package]]
name = "python-decouple"
version = "3.8"
source = { registry = "https://pypi.org/simple" }
sdist = { url = "https://files.pythonhosted.org/packages/e1/97/373dcd5844ec0ea5893e13c39a2c67e7537987ad8de3842fe078db4582fa/python-decouple-3.8.tar.gz", hash = "sha256:ba6e2657d4f376ecc46f77a3a615e058d93ba5e465c01bbe57289bfb7cce680f", size = 9612 }
wheels = [
    { url = "https://files.pythonhosted.org/packages/a2/d4/9193206c4563ec771faf2ccf54815ca7918529fe81f6adb22ee6d0e06622/python_decouple-3.8-py3-none-any.whl", hash = "sha256:d0d45340815b25f4de59c974b855bb38d03151d81b037d9e3f463b0c9f8cbd66", size = 9947 },
]

[[package]]
name = "python-dotenv"
version = "1.0.1"
source = { registry = "https://pypi.org/simple" }
sdist = { url = "https://files.pythonhosted.org/packages/bc/57/e84d88dfe0aec03b7a2d4327012c1627ab5f03652216c63d49846d7a6c58/python-dotenv-1.0.1.tar.gz", hash = "sha256:e324ee90a023d808f1959c46bcbc04446a10ced277783dc6ee09987c37ec10ca", size = 39115 }
wheels = [
    { url = "https://files.pythonhosted.org/packages/6a/3e/b68c118422ec867fa7ab88444e1274aa40681c606d59ac27de5a5588f082/python_dotenv-1.0.1-py3-none-any.whl", hash = "sha256:f7b63ef50f1b690dddf550d03497b66d609393b40b564ed0d674909a68ebf16a", size = 19863 },
]

[[package]]
name = "pytz"
version = "2024.2"
source = { registry = "https://pypi.org/simple" }
sdist = { url = "https://files.pythonhosted.org/packages/3a/31/3c70bf7603cc2dca0f19bdc53b4537a797747a58875b552c8c413d963a3f/pytz-2024.2.tar.gz", hash = "sha256:2aa355083c50a0f93fa581709deac0c9ad65cca8a9e9beac660adcbd493c798a", size = 319692 }
wheels = [
    { url = "https://files.pythonhosted.org/packages/11/c3/005fcca25ce078d2cc29fd559379817424e94885510568bc1bc53d7d5846/pytz-2024.2-py2.py3-none-any.whl", hash = "sha256:31c7c1817eb7fae7ca4b8c7ee50c72f93aa2dd863de768e1ef4245d426aa0725", size = 508002 },
]

[[package]]
name = "setuptools"
version = "73.0.1"
source = { registry = "https://pypi.org/simple" }
sdist = { url = "https://files.pythonhosted.org/packages/8d/37/f4d4ce9bc15e61edba3179f9b0f763fc6d439474d28511b11f0d95bab7a2/setuptools-73.0.1.tar.gz", hash = "sha256:d59a3e788ab7e012ab2c4baed1b376da6366883ee20d7a5fc426816e3d7b1193", size = 2526506 }
wheels = [
    { url = "https://files.pythonhosted.org/packages/07/6a/0270e295bf30c37567736b7fca10167640898214ff911273af37ddb95770/setuptools-73.0.1-py3-none-any.whl", hash = "sha256:b208925fcb9f7af924ed2dc04708ea89791e24bde0d3020b27df0e116088b34e", size = 2346588 },
]

[[package]]
name = "six"
version = "1.16.0"
source = { registry = "https://pypi.org/simple" }
sdist = { url = "https://files.pythonhosted.org/packages/71/39/171f1c67cd00715f190ba0b100d606d440a28c93c7714febeca8b79af85e/six-1.16.0.tar.gz", hash = "sha256:1e61c37477a1626458e36f7b1d82aa5c9b094fa4802892072e49de9c60c4c926", size = 34041 }
wheels = [
    { url = "https://files.pythonhosted.org/packages/d9/5a/e7c31adbe875f2abbb91bd84cf2dc52d792b5a01506781dbcf25c91daf11/six-1.16.0-py2.py3-none-any.whl", hash = "sha256:8abb2f1d86890a2dfb989f9a77cfcfd3e47c2a354b01111771326f8aa26e0254", size = 11053 },
]

[[package]]
name = "sqlparse"
version = "0.4.4"
source = { registry = "https://pypi.org/simple" }
sdist = { url = "https://files.pythonhosted.org/packages/65/16/10f170ec641ed852611b6c9441b23d10b5702ab5288371feab3d36de2574/sqlparse-0.4.4.tar.gz", hash = "sha256:d446183e84b8349fa3061f0fe7f06ca94ba65b426946ffebe6e3e8295332420c", size = 72383 }
wheels = [
    { url = "https://files.pythonhosted.org/packages/98/5a/66d7c9305baa9f11857f247d4ba761402cea75db6058ff850ed7128957b7/sqlparse-0.4.4-py3-none-any.whl", hash = "sha256:5430a4fe2ac7d0f93e66f1efc6e1338a41884b7ddf2a350cedd20ccc4d9d28f3", size = 41183 },
]

[[package]]
name = "tzdata"
version = "2024.2"
source = { registry = "https://pypi.org/simple" }
sdist = { url = "https://files.pythonhosted.org/packages/e1/34/943888654477a574a86a98e9896bae89c7aa15078ec29f490fef2f1e5384/tzdata-2024.2.tar.gz", hash = "sha256:7d85cc416e9382e69095b7bdf4afd9e3880418a2413feec7069d533d6b4e31cc", size = 193282 }
wheels = [
    { url = "https://files.pythonhosted.org/packages/a6/ab/7e5f53c3b9d14972843a647d8d7a853969a58aecc7559cb3267302c94774/tzdata-2024.2-py2.py3-none-any.whl", hash = "sha256:a48093786cdcde33cad18c2555e8532f34422074448fbc874186f0abd79565cd", size = 346586 },
]
